<?xml version="1.0" encoding="utf-8"?>
<Project ToolsVersion="4.0" xmlns="http://schemas.microsoft.com/developer/msbuild/2003">
  <ItemGroup>
    <Filter Include="Source Files">
      <UniqueIdentifier>{4FC737F1-C7A5-4376-A066-2A32D752A2FF}</UniqueIdentifier>
      <Extensions>cpp;cxx;c;def</Extensions>
    </Filter>
    <Filter Include="Header Files">
      <UniqueIdentifier>{93995380-89BD-4b04-88EB-625FBE52EBFB}</UniqueIdentifier>
      <Extensions>h</Extensions>
    </Filter>
    <Filter Include="Form Files">
      <UniqueIdentifier>{99349809-55BA-4b9d-BF79-8FDBB0286EB3}</UniqueIdentifier>
      <Extensions>ui</Extensions>
    </Filter>
    <Filter Include="Generated Files">
      <UniqueIdentifier>{71ED8ED8-ACB9-4CE9-BBE1-E00B30144E11}</UniqueIdentifier>
      <Extensions>moc;h;cpp</Extensions>
      <SourceControlFiles>False</SourceControlFiles>
    </Filter>
    <Filter Include="Generated Files\Debug">
      <UniqueIdentifier>{1e644527-f7f0-4b2c-93c1-77fbb4940d17}</UniqueIdentifier>
      <Extensions>cpp;moc</Extensions>
      <SourceControlFiles>False</SourceControlFiles>
    </Filter>
    <Filter Include="Generated Files\Release">
      <UniqueIdentifier>{a6575c3a-0c66-4aa1-885a-9cff77899cc7}</UniqueIdentifier>
      <Extensions>cpp;moc</Extensions>
      <SourceControlFiles>False</SourceControlFiles>
    </Filter>
    <Filter Include="Resource Files">
      <UniqueIdentifier>{D9D6E242-F8AF-46E4-B9FD-80ECBC20BA3E}</UniqueIdentifier>
      <Extensions>qrc;*</Extensions>
      <ParseFiles>false</ParseFiles>
    </Filter>
    <Filter Include="Header Files\Widgets">
      <UniqueIdentifier>{794156f6-00d1-44e6-8a99-b2ebf243e932}</UniqueIdentifier>
    </Filter>
    <Filter Include="Header Files\Widgets\AddressWidgets">
      <UniqueIdentifier>{3ec27045-0e6f-4822-92a8-c3d483815fec}</UniqueIdentifier>
    </Filter>
    <Filter Include="Source Files\Widget">
      <UniqueIdentifier>{573046ea-7bbb-447c-9207-aef4cbffc76b}</UniqueIdentifier>
    </Filter>
    <Filter Include="Source Files\Widget\AddressWidgets">
      <UniqueIdentifier>{10d697fb-9cff-4cdf-af90-158e3f5af319}</UniqueIdentifier>
    </Filter>
    <Filter Include="Header Files\Widgets\RecordWidgets">
      <UniqueIdentifier>{7c277deb-9616-4c02-baa2-e20c4bff8b66}</UniqueIdentifier>
    </Filter>
    <Filter Include="Source Files\Widget\RecordWidgets">
      <UniqueIdentifier>{8d56df6d-1253-40bb-a11a-2193ead56886}</UniqueIdentifier>
    </Filter>
  </ItemGroup>
  <ItemGroup>
    <ClCompile Include="main.cpp">
      <Filter>Source Files</Filter>
    </ClCompile>
    <ClCompile Include="AdressApplication.cpp">
      <Filter>Source Files</Filter>
    </ClCompile>
    <ClCompile Include="Basic.cpp">
      <Filter>Source Files</Filter>
    </ClCompile>
    <ClCompile Include="GeneratedFiles\Debug\moc_LoaderWidget.cpp">
      <Filter>Generated Files\Debug</Filter>
    </ClCompile>
    <ClCompile Include="GeneratedFiles\Release\moc_LoaderWidget.cpp">
      <Filter>Generated Files\Release</Filter>
    </ClCompile>
    <ClCompile Include="LoaderWidget.cpp">
      <Filter>Source Files\Widget</Filter>
    </ClCompile>
    <ClCompile Include="GeneratedFiles\Debug\moc_LoadThread.cpp">
      <Filter>Generated Files\Debug</Filter>
    </ClCompile>
    <ClCompile Include="GeneratedFiles\Release\moc_LoadThread.cpp">
      <Filter>Generated Files\Release</Filter>
    </ClCompile>
    <ClCompile Include="LoadThread.cpp">
      <Filter>Source Files</Filter>
    </ClCompile>
    <ClCompile Include="GeneratedFiles\Debug\moc_AdressApplication.cpp">
      <Filter>Generated Files\Debug</Filter>
    </ClCompile>
    <ClCompile Include="GeneratedFiles\Release\moc_AdressApplication.cpp">
      <Filter>Generated Files\Release</Filter>
    </ClCompile>
    <ClCompile Include="GeneratedFiles\Debug\moc_MainWidget.cpp">
      <Filter>Generated Files\Debug</Filter>
    </ClCompile>
    <ClCompile Include="GeneratedFiles\Release\moc_MainWidget.cpp">
      <Filter>Generated Files\Release</Filter>
    </ClCompile>
    <ClCompile Include="MainWidget.cpp">
      <Filter>Source Files\Widget</Filter>
    </ClCompile>
    <ClCompile Include="GeneratedFiles\Debug\moc_AddressWidget.cpp">
      <Filter>Generated Files\Debug</Filter>
    </ClCompile>
    <ClCompile Include="GeneratedFiles\Release\moc_AddressWidget.cpp">
      <Filter>Generated Files\Release</Filter>
    </ClCompile>
    <ClCompile Include="GeneratedFiles\Debug\moc_RecordWidget.cpp">
      <Filter>Generated Files\Debug</Filter>
    </ClCompile>
    <ClCompile Include="GeneratedFiles\Release\moc_RecordWidget.cpp">
      <Filter>Generated Files\Release</Filter>
    </ClCompile>
    <ClCompile Include="AddressWidget.cpp">
      <Filter>Source Files\Widget\AddressWidgets</Filter>
    </ClCompile>
    <ClCompile Include="RecordWidget.cpp">
      <Filter>Source Files\Widget\RecordWidgets</Filter>
    </ClCompile>
    <ClCompile Include="AddressInfoBtn.cpp">
      <Filter>Source Files\Widget\AddressWidgets</Filter>
    </ClCompile>
    <ClCompile Include="AddressDataInterface.cpp">
      <Filter>Source Files\Widget\AddressWidgets</Filter>
    </ClCompile>
    <ClCompile Include="RecordInfoBtn.cpp">
      <Filter>Source Files\Widget\RecordWidgets</Filter>
    </ClCompile>
    <ClCompile Include="RecordDataInterface.cpp">
      <Filter>Source Files\Widget\RecordWidgets</Filter>
    </ClCompile>
    <ClCompile Include="GeneratedFiles\Debug\moc_RecordInfoBtn.cpp">
      <Filter>Generated Files\Debug</Filter>
    </ClCompile>
    <ClCompile Include="GeneratedFiles\Release\moc_RecordInfoBtn.cpp">
      <Filter>Generated Files\Release</Filter>
    </ClCompile>
    <ClCompile Include="GeneratedFiles\Debug\moc_AddressInfoBtn.cpp">
      <Filter>Generated Files\Debug</Filter>
    </ClCompile>
    <ClCompile Include="GeneratedFiles\Release\moc_AddressInfoBtn.cpp">
      <Filter>Generated Files\Release</Filter>
    </ClCompile>
  </ItemGroup>
  <ItemGroup>
    <CustomBuild Include="Resources\AdressesWidget.ui">
      <Filter>Form Files</Filter>
    </CustomBuild>
    <CustomBuild Include="Resources\AdressInfoWidget.ui">
      <Filter>Form Files</Filter>
    </CustomBuild>
    <CustomBuild Include="Resources\MainWidget.ui">
      <Filter>Form Files</Filter>
    </CustomBuild>
    <CustomBuild Include="Resources\RecordInfoWidget.ui">
      <Filter>Form Files</Filter>
    </CustomBuild>
    <CustomBuild Include="Resources\RecordsWidget.ui">
      <Filter>Form Files</Filter>
    </CustomBuild>
    <CustomBuild Include="Resources\LoaderWidget.ui">
      <Filter>Form Files</Filter>
    </CustomBuild>
    <CustomBuild Include="LoaderWidget.h">
      <Filter>Header Files\Widgets</Filter>
    </CustomBuild>
    <CustomBuild Include="LoadThread.h">
      <Filter>Header Files</Filter>
    </CustomBuild>
    <CustomBuild Include="AdressApplication.h">
      <Filter>Header Files</Filter>
    </CustomBuild>
    <CustomBuild Include="MainWidget.h">
      <Filter>Header Files\Widgets</Filter>
    </CustomBuild>
    <CustomBuild Include="AddressWidget.h">
      <Filter>Header Files\Widgets\AddressWidgets</Filter>
    </CustomBuild>
    <CustomBuild Include="RecordWidget.h">
      <Filter>Header Files\Widgets\RecordWidgets</Filter>
    </CustomBuild>
    <CustomBuild Include="RecordInfoBtn.h">
      <Filter>Header Files\Widgets\RecordWidgets</Filter>
    </CustomBuild>
    <CustomBuild Include="AddressInfoBtn.h">
      <Filter>Header Files\Widgets\AddressWidgets</Filter>
    </CustomBuild>
  </ItemGroup>
  <ItemGroup>
    <ClInclude Include="GeneratedFiles\ui_AdressesWidget.h">
      <Filter>Generated Files</Filter>
    </ClInclude>
    <ClInclude Include="GeneratedFiles\ui_AdressInfoWidget.h">
      <Filter>Generated Files</Filter>
    </ClInclude>
    <ClInclude Include="GeneratedFiles\ui_MainWidget.h">
      <Filter>Generated Files</Filter>
    </ClInclude>
    <ClInclude Include="GeneratedFiles\ui_RecordInfoWidget.h">
      <Filter>Generated Files</Filter>
    </ClInclude>
    <ClInclude Include="GeneratedFiles\ui_RecordsWidget.h">
      <Filter>Generated Files</Filter>
    </ClInclude>
    <ClInclude Include="Basic.h">
      <Filter>Header Files</Filter>
    </ClInclude>
    <ClInclude Include="GeneratedFiles\ui_LoaderWidget.h">
      <Filter>Generated Files</Filter>
    </ClInclude>
    <ClInclude Include="AddressDataInterface.h">
      <Filter>Header Files\Widgets\AddressWidgets</Filter>
    </ClInclude>
    <ClInclude Include="RecordDataInterface.h">
      <Filter>Header Files\Widgets\RecordWidgets</Filter>
    </ClInclude>
  </ItemGroup>
  <ItemGroup>
    <Text Include="Resources\MobileMac.txt">
      <Filter>Resource Files</Filter>
    </Text>
    <Text Include="Resources\TelephoneMac.txt">
      <Filter>Resource Files</Filter>
    </Text>
    <Text Include="Resources\Setting.txt">
      <Filter>Resource Files</Filter>
    </Text>
  </ItemGroup>
</Project>